
Microsoft Visual Studio Solution File, Format Version 12.00
# Visual Studio Version 16
VisualStudioVersion = 16.0.30002.166
MinimumVisualStudioVersion = 10.0.40219.1
Project("{FAE04EC0-301F-11D3-BF4B-00C04F79EFBC}") = "SalesSystem.Business", "src\SalesSystem.Business\SalesSystem.Business.csproj", "{A89600E3-A83C-454B-A878-168281FF8A05}"
EndProject
Project("{FAE04EC0-301F-11D3-BF4B-00C04F79EFBC}") = "SalesSystem.Data", "src\SalesSystem.Data\SalesSystem.Data.csproj", "{81FD00E0-2A93-422E-82DD-B79D655D687B}"
EndProject
Global
	GlobalSection(SolutionConfigurationPlatforms) = preSolution
		Debug|Any CPU = Debug|Any CPU
		Release|Any CPU = Release|Any CPU
	EndGlobalSection
	GlobalSection(ProjectConfigurationPlatforms) = postSolution
		{A89600E3-A83C-454B-A878-168281FF8A05}.Debug|Any CPU.ActiveCfg = Debug|Any CPU
		{A89600E3-A83C-454B-A878-168281FF8A05}.Debug|Any CPU.Build.0 = Debug|Any CPU
		{A89600E3-A83C-454B-A878-168281FF8A05}.Release|Any CPU.ActiveCfg = Release|Any CPU
		{A89600E3-A83C-454B-A878-168281FF8A05}.Release|Any CPU.Build.0 = Release|Any CPU
		{81FD00E0-2A93-422E-82DD-B79D655D687B}.Debug|Any CPU.ActiveCfg = Debug|Any CPU
		{81FD00E0-2A93-422E-82DD-B79D655D687B}.Debug|Any CPU.Build.0 = Debug|Any CPU
		{81FD00E0-2A93-422E-82DD-B79D655D687B}.Release|Any CPU.ActiveCfg = Release|Any CPU
		{81FD00E0-2A93-422E-82DD-B79D655D687B}.Release|Any CPU.Build.0 = Release|Any CPU
	EndGlobalSection
	GlobalSection(SolutionProperties) = preSolution
		HideSolutionNode = FALSE
	EndGlobalSection
	GlobalSection(ExtensibilityGlobals) = postSolution
		SolutionGuid = {D383335A-4B54-4A6C-A020-A83DDBF4FA3B}
	EndGlobalSection
EndGlobal
